
Microsoft Visual Studio Solution File, Format Version 12.00
# Visual Studio 15
VisualStudioVersion = 15.0.27703.2047
MinimumVisualStudioVersion = 10.0.40219.1
Project("{FAE04EC0-301F-11D3-BF4B-00C04F79EFBC}") = "ScheDulJ", "ScheDulJ\ScheDulJ.csproj", "{6E4BD8F1-A910-47BC-81C2-720BCE9E57C3}"
EndProject
Global
	GlobalSection(SolutionConfigurationPlatforms) = preSolution
		Debug|Any CPU = Debug|Any CPU
		Release|Any CPU = Release|Any CPU
	EndGlobalSection
	GlobalSection(ProjectConfigurationPlatforms) = postSolution
		{6E4BD8F1-A910-47BC-81C2-720BCE9E57C3}.Debug|Any CPU.ActiveCfg = Debug|Any CPU
		{6E4BD8F1-A910-47BC-81C2-720BCE9E57C3}.Debug|Any CPU.Build.0 = Debug|Any CPU
		{6E4BD8F1-A910-47BC-81C2-720BCE9E57C3}.Release|Any CPU.ActiveCfg = Release|Any CPU
		{6E4BD8F1-A910-47BC-81C2-720BCE9E57C3}.Release|Any CPU.Build.0 = Release|Any CPU
	EndGlobalSection
	GlobalSection(SolutionProperties) = preSolution
		HideSolutionNode = FALSE
	EndGlobalSection
	GlobalSection(ExtensibilityGlobals) = postSolution
		SolutionGuid = {E991B12D-BC28-48B1-B1AD-04AFC9EE8062}
	EndGlobalSection
EndGlobal
